
Microsoft Visual Studio Solution File, Format Version 12.00
Project("{F2A71F9B-5D33-465A-A702-920D77279786}") = "SplitwiseSharp", "SplitwiseSharp.fsproj", "{58DDA9A6-726F-4861-BEDF-6706FFEF306A}"
EndProject
Project("{F2A71F9B-5D33-465A-A702-920D77279786}") = "Hawaii", "Hawaii\Hawaii.fsproj", "{25B6E237-7256-45BA-A8B8-0DA06597DF3A}"
EndProject
Global
	GlobalSection(SolutionConfigurationPlatforms) = preSolution
		Debug|Any CPU = Debug|Any CPU
		Release|Any CPU = Release|Any CPU
	EndGlobalSection
	GlobalSection(ProjectConfigurationPlatforms) = postSolution
		{58DDA9A6-726F-4861-BEDF-6706FFEF306A}.Debug|Any CPU.ActiveCfg = Debug|Any CPU
		{58DDA9A6-726F-4861-BEDF-6706FFEF306A}.Debug|Any CPU.Build.0 = Debug|Any CPU
		{58DDA9A6-726F-4861-BEDF-6706FFEF306A}.Release|Any CPU.ActiveCfg = Release|Any CPU
		{58DDA9A6-726F-4861-BEDF-6706FFEF306A}.Release|Any CPU.Build.0 = Release|Any CPU
		{25B6E237-7256-45BA-A8B8-0DA06597DF3A}.Debug|Any CPU.ActiveCfg = Debug|Any CPU
		{25B6E237-7256-45BA-A8B8-0DA06597DF3A}.Debug|Any CPU.Build.0 = Debug|Any CPU
		{25B6E237-7256-45BA-A8B8-0DA06597DF3A}.Release|Any CPU.ActiveCfg = Release|Any CPU
		{25B6E237-7256-45BA-A8B8-0DA06597DF3A}.Release|Any CPU.Build.0 = Release|Any CPU
	EndGlobalSection
EndGlobal
